// !$*UTF8*$!
{
	archiveVersion = 1;
	classes = {
	};
	objectVersion = 46;
	objects = {

/* Begin PBXBuildFile section */
		0419E41A1F283F3600C7C129 /* ViewController.m in Sources */ = {isa = PBXBuildFile; fileRef = 0419E4191F283F3600C7C129 /* ViewController.m */; };
		0419E41D1F2848B200C7C129 /* PrintStart.m in Sources */ = {isa = PBXBuildFile; fileRef = 0419E41C1F2848B200C7C129 /* PrintStart.m */; };
		0419E4201F28508700C7C129 /* Common.m in Sources */ = {isa = PBXBuildFile; fileRef = 0419E41F1F28508700C7C129 /* Common.m */; };
		0419E4231F2854AC00C7C129 /* Person.m in Sources */ = {isa = PBXBuildFile; fileRef = 0419E4221F2854AC00C7C129 /* Person.m */; };
		047089541F29C59F002CE252 /* sts.png in Resources */ = {isa = PBXBuildFile; fileRef = 047089531F29C59F002CE252 /* sts.png */; };
		849E1B151EA87488003C2D16 /* main.m in Sources */ = {isa = PBXBuildFile; fileRef = 849E1B141EA87488003C2D16 /* main.m */; };
		849E1B181EA87488003C2D16 /* AppDelegate.m in Sources */ = {isa = PBXBuildFile; fileRef = 849E1B171EA87488003C2D16 /* AppDelegate.m */; };
		849E1B1E1EA87488003C2D16 /* Main.storyboard in Resources */ = {isa = PBXBuildFile; fileRef = 849E1B1C1EA87488003C2D16 /* Main.storyboard */; };
		849E1B201EA87488003C2D16 /* Assets.xcassets in Resources */ = {isa = PBXBuildFile; fileRef = 849E1B1F1EA87488003C2D16 /* Assets.xcassets */; };
		849E1B231EA87488003C2D16 /* LaunchScreen.storyboard in Resources */ = {isa = PBXBuildFile; fileRef = 849E1B211EA87488003C2D16 /* LaunchScreen.storyboard */; };
/* End PBXBuildFile section */

/* Begin PBXFileReference section */
		0419E4181F283F3600C7C129 /* ViewController.h */ = {isa = PBXFileReference; fileEncoding = 4; lastKnownFileType = sourcecode.c.h; path = ViewController.h; sourceTree = "<group>"; };
		0419E4191F283F3600C7C129 /* ViewController.m */ = {isa = PBXFileReference; fileEncoding = 4; lastKnownFileType = sourcecode.c.objc; path = ViewController.m; sourceTree = "<group>"; };
		0419E41B1F2848B200C7C129 /* PrintStart.h */ = {isa = PBXFileReference; fileEncoding = 4; lastKnownFileType = sourcecode.c.h; path = PrintStart.h; sourceTree = "<group>"; };
		0419E41C1F2848B200C7C129 /* PrintStart.m */ = {isa = PBXFileReference; fileEncoding = 4; lastKnownFileType = sourcecode.c.objc; path = PrintStart.m; sourceTree = "<group>"; };
		0419E41E1F28508700C7C129 /* Common.h */ = {isa = PBXFileReference; fileEncoding = 4; lastKnownFileType = sourcecode.c.h; path = Common.h; sourceTree = "<group>"; };
		0419E41F1F28508700C7C129 /* Common.m */ = {isa = PBXFileReference; fileEncoding = 4; lastKnownFileType = sourcecode.c.objc; path = Common.m; sourceTree = "<group>"; };
		0419E4211F2854AC00C7C129 /* Person.h */ = {isa = PBXFileReference; fileEncoding = 4; lastKnownFileType = sourcecode.c.h; path = Person.h; sourceTree = "<group>"; };
		0419E4221F2854AC00C7C129 /* Person.m */ = {isa = PBXFileReference; fileEncoding = 4; lastKnownFileType = sourcecode.c.objc; path = Person.m; sourceTree = "<group>"; };
		047089531F29C59F002CE252 /* sts.png */ = {isa = PBXFileReference; lastKnownFileType = image.png; name = sts.png; path = ../../../../../../Downloads/sts.png; sourceTree = "<group>"; };
		849E1B101EA87488003C2D16 /* cai_cho_ios.app */ = {isa = PBXFileReference; explicitFileType = wrapper.application; includeInIndex = 0; path = cai_cho_ios.app; sourceTree = BUILT_PRODUCTS_DIR; };
		849E1B141EA87488003C2D16 /* main.m */ = {isa = PBXFileReference; lastKnownFileType = sourcecode.c.objc; path = main.m; sourceTree = "<group>"; };
		849E1B161EA87488003C2D16 /* AppDelegate.h */ = {isa = PBXFileReference; lastKnownFileType = sourcecode.c.h; path = AppDelegate.h; sourceTree = "<group>"; };
		849E1B171EA87488003C2D16 /* AppDelegate.m */ = {isa = PBXFileReference; lastKnownFileType = sourcecode.c.objc; path = AppDelegate.m; sourceTree = "<group>"; };
		849E1B1D1EA87488003C2D16 /* Base */ = {isa = PBXFileReference; lastKnownFileType = file.storyboard; name = Base; path = Base.lproj/Main.storyboard; sourceTree = "<group>"; };
		849E1B1F1EA87488003C2D16 /* Assets.xcassets */ = {isa = PBXFileReference; lastKnownFileType = folder.assetcatalog; path = Assets.xcassets; sourceTree = "<group>"; };
		849E1B221EA87488003C2D16 /* Base */ = {isa = PBXFileReference; lastKnownFileType = file.storyboard; name = Base; path = Base.lproj/LaunchScreen.storyboard; sourceTree = "<group>"; };
		849E1B241EA87488003C2D16 /* Info.plist */ = {isa = PBXFileReference; lastKnownFileType = text.plist.xml; path = Info.plist; sourceTree = "<group>"; };
/* End PBXFileReference section */

/* Begin PBXFrameworksBuildPhase section */
		849E1B0D1EA87488003C2D16 /* Frameworks */ = {
			isa = PBXFrameworksBuildPhase;
			buildActionMask = 2147483647;
			files = (
			);
			runOnlyForDeploymentPostprocessing = 0;
		};
/* End PBXFrameworksBuildPhase section */

/* Begin PBXGroup section */
		849E1B071EA87488003C2D16 = {
			isa = PBXGroup;
			children = (
				849E1B121EA87488003C2D16 /* cai_cho_ios */,
				849E1B111EA87488003C2D16 /* Products */,
			);
			sourceTree = "<group>";
		};
		849E1B111EA87488003C2D16 /* Products */ = {
			isa = PBXGroup;
			children = (
				849E1B101EA87488003C2D16 /* cai_cho_ios.app */,
			);
			name = Products;
			sourceTree = "<group>";
		};
		849E1B121EA87488003C2D16 /* cai_cho_ios */ = {
			isa = PBXGroup;
			children = (
				849E1B161EA87488003C2D16 /* AppDelegate.h */,
				849E1B171EA87488003C2D16 /* AppDelegate.m */,
				849E1B1F1EA87488003C2D16 /* Assets.xcassets */,
				0419E41E1F28508700C7C129 /* Common.h */,
				0419E41F1F28508700C7C129 /* Common.m */,
				849E1B241EA87488003C2D16 /* Info.plist */,
				849E1B211EA87488003C2D16 /* LaunchScreen.storyboard */,
				849E1B1C1EA87488003C2D16 /* Main.storyboard */,
				0419E4211F2854AC00C7C129 /* Person.h */,
				0419E4221F2854AC00C7C129 /* Person.m */,
				0419E41B1F2848B200C7C129 /* PrintStart.h */,
				0419E41C1F2848B200C7C129 /* PrintStart.m */,
				849E1B131EA87488003C2D16 /* Supporting Files */,
				0419E4181F283F3600C7C129 /* ViewController.h */,
				0419E4191F283F3600C7C129 /* ViewController.m */,
			);
			path = cai_cho_ios;
			sourceTree = "<group>";
		};
		849E1B131EA87488003C2D16 /* Supporting Files */ = {
			isa = PBXGroup;
			children = (
				047089531F29C59F002CE252 /* sts.png */,
				849E1B141EA87488003C2D16 /* main.m */,
			);
			name = "Supporting Files";
			sourceTree = "<group>";
		};
/* End PBXGroup section */

/* Begin PBXNativeTarget section */
		849E1B0F1EA87488003C2D16 /* cai_cho_ios */ = {
			isa = PBXNativeTarget;
			buildConfigurationList = 849E1B271EA87488003C2D16 /* Build configuration list for PBXNativeTarget "cai_cho_ios" */;
			buildPhases = (
				849E1B0C1EA87488003C2D16 /* Sources */,
				849E1B0D1EA87488003C2D16 /* Frameworks */,
				849E1B0E1EA87488003C2D16 /* Resources */,
			);
			buildRules = (
			);
			dependencies = (
			);
			name = cai_cho_ios;
			productName = cai_cho_ios;
			productReference = 849E1B101EA87488003C2D16 /* cai_cho_ios.app */;
			productType = "com.apple.product-type.application";
		};
/* End PBXNativeTarget section */

/* Begin PBXProject section */
		849E1B081EA87488003C2D16 /* Project object */ = {
			isa = PBXProject;
			attributes = {
				LastUpgradeCheck = 0830;
				ORGANIZATIONNAME = cai_cho;
				TargetAttributes = {
					849E1B0F1EA87488003C2D16 = {
						CreatedOnToolsVersion = 8.3.1;
						DevelopmentTeam = 7WDZSU6A45;
						ProvisioningStyle = Automatic;
					};
				};
			};
			buildConfigurationList = 849E1B0B1EA87488003C2D16 /* Build configuration list for PBXProject "cai_cho_ios" */;
			compatibilityVersion = "Xcode 3.2";
			developmentRegion = English;
			hasScannedForEncodings = 0;
			knownRegions = (
				en,
				Base,
			);
			mainGroup = 849E1B071EA87488003C2D16;
			productRefGroup = 849E1B111EA87488003C2D16 /* Products */;
			projectDirPath = "";
			projectRoot = "";
			targets = (
				849E1B0F1EA87488003C2D16 /* cai_cho_ios */,
			);
		};
/* End PBXProject section */

/* Begin PBXResourcesBuildPhase section */
		849E1B0E1EA87488003C2D16 /* Resources */ = {
			isa = PBXResourcesBuildPhase;
			buildActionMask = 2147483647;
			files = (
				849E1B231EA87488003C2D16 /* LaunchScreen.storyboard in Resources */,
				849E1B201EA87488003C2D16 /* Assets.xcassets in Resources */,
				849E1B1E1EA87488003C2D16 /* Main.storyboard in Resources */,
				047089541F29C59F002CE252 /* sts.png in Resources */,
			);
			runOnlyForDeploymentPostprocessing = 0;
		};
/* End PBXResourcesBuildPhase section */

/* Begin PBXSourcesBuildPhase section */
		849E1B0C1EA87488003C2D16 /* Sources */ = {
			isa = PBXSourcesBuildPhase;
			buildActionMask = 2147483647;
			files = (
				0419E4231F2854AC00C7C129 /* Person.m in Sources */,
				0419E41A1F283F3600C7C129 /* ViewController.m in Sources */,
				849E1B181EA87488003C2D16 /* AppDelegate.m in Sources */,
				0419E4201F28508700C7C129 /* Common.m in Sources */,
				0419E41D1F2848B200C7C129 /* PrintStart.m in Sources */,
				849E1B151EA87488003C2D16 /* main.m in Sources */,
			);
			runOnlyForDeploymentPostprocessing = 0;
		};
/* End PBXSourcesBuildPhase section */

/* Begin PBXVariantGroup section */
		849E1B1C1EA87488003C2D16 /* Main.storyboard */ = {
			isa = PBXVariantGroup;
			children = (
				849E1B1D1EA87488003C2D16 /* Base */,
			);
			name = Main.storyboard;
			sourceTree = "<group>";
		};
		849E1B211EA87488003C2D16 /* LaunchScreen.storyboard */ = {
			isa = PBXVariantGroup;
			children = (
				849E1B221EA87488003C2D16 /* Base */,
			);
			name = LaunchScreen.storyboard;
			sourceTree = "<group>";
		};
/* End PBXVariantGroup section */

/* Begin XCBuildConfiguration section */
		849E1B251EA87488003C2D16 /* Debug */ = {
			isa = XCBuildConfiguration;
			buildSettings = {
				ALWAYS_SEARCH_USER_PATHS = NO;
				CLANG_ANALYZER_NONNULL = YES;
				CLANG_ANALYZER_NUMBER_OBJECT_CONVERSION = YES_AGGRESSIVE;
				CLANG_CXX_LANGUAGE_STANDARD = "gnu++0x";
				CLANG_CXX_LIBRARY = "libc++";
				CLANG_ENABLE_MODULES = YES;
				CLANG_ENABLE_OBJC_ARC = YES;
				CLANG_WARN_BOOL_CONVERSION = YES;
				CLANG_WARN_CONSTANT_CONVERSION = YES;
				CLANG_WARN_DIRECT_OBJC_ISA_USAGE = YES_ERROR;
				CLANG_WARN_DOCUMENTATION_COMMENTS = YES;
				CLANG_WARN_EMPTY_BODY = YES;
				CLANG_WARN_ENUM_CONVERSION = YES;
				CLANG_WARN_INFINITE_RECURSION = YES;
				CLANG_WARN_INT_CONVERSION = YES;
				CLANG_WARN_OBJC_ROOT_CLASS = YES_ERROR;
				CLANG_WARN_SUSPICIOUS_MOVE = YES;
				CLANG_WARN_UNREACHABLE_CODE = YES;
				CLANG_WARN__DUPLICATE_METHOD_MATCH = YES;
				"CODE_SIGN_IDENTITY[sdk=iphoneos*]" = "iPhone Developer";
				COPY_PHASE_STRIP = NO;
				DEBUG_INFORMATION_FORMAT = dwarf;
				ENABLE_STRICT_OBJC_MSGSEND = YES;
				ENABLE_TESTABILITY = YES;
				GCC_C_LANGUAGE_STANDARD = gnu99;
				GCC_DYNAMIC_NO_PIC = NO;
				GCC_NO_COMMON_BLOCKS = YES;
				GCC_OPTIMIZATION_LEVEL = 0;
				GCC_PREPROCESSOR_DEFINITIONS = (
					"DEBUG=1",
					"$(inherited)",
				);
				GCC_WARN_64_TO_32_BIT_CONVERSION = YES;
				GCC_WARN_ABOUT_RETURN_TYPE = YES_ERROR;
				GCC_WARN_UNDECLARED_SELECTOR = YES;
				GCC_WARN_UNINITIALIZED_AUTOS = YES_AGGRESSIVE;
				GCC_WARN_UNUSED_FUNCTION = YES;
				GCC_WARN_UNUSED_VARIABLE = YES;
				IPHONEOS_DEPLOYMENT_TARGET = 10.3;
				MTL_ENABLE_DEBUG_INFO = YES;
				ONLY_ACTIVE_ARCH = YES;
				SDKROOT = iphoneos;
				TARGETED_DEVICE_FAMILY = "1,2";
			};
			name = Debug;
		};
		849E1B261EA87488003C2D16 /* Release */ = {
			isa = XCBuildConfiguration;
			buildSettings = {
				ALWAYS_SEARCH_USER_PATHS = NO;
				CLANG_ANALYZER_NONNULL = YES;
				CLANG_ANALYZER_NUMBER_OBJECT_CONVERSION = YES_AGGRESSIVE;
				CLANG_CXX_LANGUAGE_STANDARD = "gnu++0x";
				CLANG_CXX_LIBRARY = "libc++";
				CLANG_ENABLE_MODULES = YES;
				CLANG_ENABLE_OBJC_ARC = YES;
				CLANG_WARN_BOOL_CONVERSION = YES;
				CLANG_WARN_CONSTANT_CONVERSION = YES;
				CLANG_WARN_DIRECT_OBJC_ISA_USAGE = YES_ERROR;
				CLANG_WARN_DOCUMENTATION_COMMENTS = YES;
				CLANG_WARN_EMPTY_BODY = YES;
				CLANG_WARN_ENUM_CONVERSION = YES;
				CLANG_WARN_INFINITE_RECURSION = YES;
				CLANG_WARN_INT_CONVERSION = YES;
				CLANG_WARN_OBJC_ROOT_CLASS = YES_ERROR;
				CLANG_WARN_SUSPICIOUS_MOVE = YES;
				CLANG_WARN_UNREACHABLE_CODE = YES;
				CLANG_WARN__DUPLICATE_METHOD_MATCH = YES;
				"CODE_SIGN_IDENTITY[sdk=iphoneos*]" = "iPhone Developer";
				COPY_PHASE_STRIP = NO;
				DEBUG_INFORMATION_FORMAT = "dwarf-with-dsym";
				ENABLE_NS_ASSERTIONS = NO;
				ENABLE_STRICT_OBJC_MSGSEND = YES;
				GCC_C_LANGUAGE_STANDARD = gnu99;
				GCC_NO_COMMON_BLOCKS = YES;
				GCC_WARN_64_TO_32_BIT_CONVERSION = YES;
				GCC_WARN_ABOUT_RETURN_TYPE = YES_ERROR;
				GCC_WARN_UNDECLARED_SELECTOR = YES;
				GCC_WARN_UNINITIALIZED_AUTOS = YES_AGGRESSIVE;
				GCC_WARN_UNUSED_FUNCTION = YES;
				GCC_WARN_UNUSED_VARIABLE = YES;
				IPHONEOS_DEPLOYMENT_TARGET = 10.3;
				MTL_ENABLE_DEBUG_INFO = NO;
				SDKROOT = iphoneos;
				TARGETED_DEVICE_FAMILY = "1,2";
				VALIDATE_PRODUCT = YES;
			};
			name = Release;
		};
		849E1B281EA87488003C2D16 /* Debug */ = {
			isa = XCBuildConfiguration;
			buildSettings = {
				ASSETCATALOG_COMPILER_APPICON_NAME = AppIcon;
				DEVELOPMENT_TEAM = 7WDZSU6A45;
				INFOPLIST_FILE = cai_cho_ios/Info.plist;
				LD_RUNPATH_SEARCH_PATHS = "$(inherited) @executable_path/Frameworks";
				PRODUCT_BUNDLE_IDENTIFIER = "caicho.cai-cho-ios";
				PRODUCT_NAME = "$(TARGET_NAME)";
			};
			name = Debug;
		};
		849E1B291EA87488003C2D16 /* Release */ = {
			isa = XCBuildConfiguration;
			buildSettings = {
				ASSETCATALOG_COMPILER_APPICON_NAME = AppIcon;
				DEVELOPMENT_TEAM = 7WDZSU6A45;
				INFOPLIST_FILE = cai_cho_ios/Info.plist;
				LD_RUNPATH_SEARCH_PATHS = "$(inherited) @executable_path/Frameworks";
				PRODUCT_BUNDLE_IDENTIFIER = "caicho.cai-cho-ios";
				PRODUCT_NAME = "$(TARGET_NAME)";
			};
			name = Release;
		};
/* End XCBuildConfiguration section */

/* Begin XCConfigurationList section */
		849E1B0B1EA87488003C2D16 /* Build configuration list for PBXProject "cai_cho_ios" */ = {
			isa = XCConfigurationList;
			buildConfigurations = (
				849E1B251EA87488003C2D16 /* Debug */,
				849E1B261EA87488003C2D16 /* Release */,
			);
			defaultConfigurationIsVisible = 0;
			defaultConfigurationName = Release;
		};
		849E1B271EA87488003C2D16 /* Build configuration list for PBXNativeTarget "cai_cho_ios" */ = {
			isa = XCConfigurationList;
			buildConfigurations = (
				849E1B281EA87488003C2D16 /* Debug */,
				849E1B291EA87488003C2D16 /* Release */,
			);
			defaultConfigurationIsVisible = 0;
			defaultConfigurationName = Release;
		};
/* End XCConfigurationList section */
	};
	rootObject = 849E1B081EA87488003C2D16 /* Project object */;
}
