// !$*UTF8*$!
{
	archiveVersion = 1;
	classes = {
	};
	objectVersion = 46;
	objects = {

/* Begin PBXBuildFile section */
		849E1AFA1EA848FF003C2D16 /* main.m in Sources */ = {isa = PBXBuildFile; fileRef = 849E1AF91EA848FF003C2D16 /* main.m */; };
		849E1B061EA85F6F003C2D16 /* Fraction.m in Sources */ = {isa = PBXBuildFile; fileRef = 849E1B051EA85F6F003C2D16 /* Fraction.m */; };
/* End PBXBuildFile section */

/* Begin PBXCopyFilesBuildPhase section */
		849E1AF41EA848FF003C2D16 /* CopyFiles */ = {
			isa = PBXCopyFilesBuildPhase;
			buildActionMask = 2147483647;
			dstPath = /usr/share/man/man1/;
			dstSubfolderSpec = 0;
			files = (
			);
			runOnlyForDeploymentPostprocessing = 1;
		};
/* End PBXCopyFilesBuildPhase section */

/* Begin PBXFileReference section */
		849E1AF61EA848FF003C2D16 /* cai_cho_ios_beginner */ = {isa = PBXFileReference; explicitFileType = "compiled.mach-o.executable"; includeInIndex = 0; path = cai_cho_ios_beginner; sourceTree = BUILT_PRODUCTS_DIR; };
		849E1AF91EA848FF003C2D16 /* main.m */ = {isa = PBXFileReference; lastKnownFileType = sourcecode.c.objc; path = main.m; sourceTree = "<group>"; };
		849E1B041EA85F6F003C2D16 /* Fraction.h */ = {isa = PBXFileReference; fileEncoding = 4; lastKnownFileType = sourcecode.c.h; path = Fraction.h; sourceTree = "<group>"; };
		849E1B051EA85F6F003C2D16 /* Fraction.m */ = {isa = PBXFileReference; fileEncoding = 4; lastKnownFileType = sourcecode.c.objc; path = Fraction.m; sourceTree = "<group>"; };
/* End PBXFileReference section */

/* Begin PBXFrameworksBuildPhase section */
		849E1AF31EA848FF003C2D16 /* Frameworks */ = {
			isa = PBXFrameworksBuildPhase;
			buildActionMask = 2147483647;
			files = (
			);
			runOnlyForDeploymentPostprocessing = 0;
		};
/* End PBXFrameworksBuildPhase section */

/* Begin PBXGroup section */
		849E1AED1EA848FF003C2D16 = {
			isa = PBXGroup;
			children = (
				849E1AF81EA848FF003C2D16 /* cai_cho_ios_beginner */,
				849E1AF71EA848FF003C2D16 /* Products */,
			);
			sourceTree = "<group>";
		};
		849E1AF71EA848FF003C2D16 /* Products */ = {
			isa = PBXGroup;
			children = (
				849E1AF61EA848FF003C2D16 /* cai_cho_ios_beginner */,
			);
			name = Products;
			sourceTree = "<group>";
		};
		849E1AF81EA848FF003C2D16 /* cai_cho_ios_beginner */ = {
			isa = PBXGroup;
			children = (
				849E1AF91EA848FF003C2D16 /* main.m */,
				849E1B041EA85F6F003C2D16 /* Fraction.h */,
				849E1B051EA85F6F003C2D16 /* Fraction.m */,
			);
			path = cai_cho_ios_beginner;
			sourceTree = "<group>";
		};
/* End PBXGroup section */

/* Begin PBXNativeTarget section */
		849E1AF51EA848FF003C2D16 /* cai_cho_ios_beginner */ = {
			isa = PBXNativeTarget;
			buildConfigurationList = 849E1AFD1EA848FF003C2D16 /* Build configuration list for PBXNativeTarget "cai_cho_ios_beginner" */;
			buildPhases = (
				849E1AF21EA848FF003C2D16 /* Sources */,
				849E1AF31EA848FF003C2D16 /* Frameworks */,
				849E1AF41EA848FF003C2D16 /* CopyFiles */,
			);
			buildRules = (
			);
			dependencies = (
			);
			name = cai_cho_ios_beginner;
			productName = cai_cho_ios_beginner;
			productReference = 849E1AF61EA848FF003C2D16 /* cai_cho_ios_beginner */;
			productType = "com.apple.product-type.tool";
		};
/* End PBXNativeTarget section */

/* Begin PBXProject section */
		849E1AEE1EA848FF003C2D16 /* Project object */ = {
			isa = PBXProject;
			attributes = {
				LastUpgradeCheck = 0830;
				ORGANIZATIONNAME = cai_cho;
				TargetAttributes = {
					849E1AF51EA848FF003C2D16 = {
						CreatedOnToolsVersion = 8.3.1;
						ProvisioningStyle = Automatic;
					};
				};
			};
			buildConfigurationList = 849E1AF11EA848FF003C2D16 /* Build configuration list for PBXProject "cai_cho_ios_beginner" */;
			compatibilityVersion = "Xcode 3.2";
			developmentRegion = English;
			hasScannedForEncodings = 0;
			knownRegions = (
				en,
			);
			mainGroup = 849E1AED1EA848FF003C2D16;
			productRefGroup = 849E1AF71EA848FF003C2D16 /* Products */;
			projectDirPath = "";
			projectRoot = "";
			targets = (
				849E1AF51EA848FF003C2D16 /* cai_cho_ios_beginner */,
			);
		};
/* End PBXProject section */

/* Begin PBXSourcesBuildPhase section */
		849E1AF21EA848FF003C2D16 /* Sources */ = {
			isa = PBXSourcesBuildPhase;
			buildActionMask = 2147483647;
			files = (
				849E1AFA1EA848FF003C2D16 /* main.m in Sources */,
				849E1B061EA85F6F003C2D16 /* Fraction.m in Sources */,
			);
			runOnlyForDeploymentPostprocessing = 0;
		};
/* End PBXSourcesBuildPhase section */

/* Begin XCBuildConfiguration section */
		849E1AFB1EA848FF003C2D16 /* Debug */ = {
			isa = XCBuildConfiguration;
			buildSettings = {
				ALWAYS_SEARCH_USER_PATHS = NO;
				CLANG_ANALYZER_NONNULL = YES;
				CLANG_ANALYZER_NUMBER_OBJECT_CONVERSION = YES_AGGRESSIVE;
				CLANG_CXX_LANGUAGE_STANDARD = "gnu++0x";
				CLANG_CXX_LIBRARY = "libc++";
				CLANG_ENABLE_MODULES = YES;
				CLANG_ENABLE_OBJC_ARC = YES;
				CLANG_WARN_BOOL_CONVERSION = YES;
				CLANG_WARN_CONSTANT_CONVERSION = YES;
				CLANG_WARN_DIRECT_OBJC_ISA_USAGE = YES_ERROR;
				CLANG_WARN_DOCUMENTATION_COMMENTS = YES;
				CLANG_WARN_EMPTY_BODY = YES;
				CLANG_WARN_ENUM_CONVERSION = YES;
				CLANG_WARN_INFINITE_RECURSION = YES;
				CLANG_WARN_INT_CONVERSION = YES;
				CLANG_WARN_OBJC_ROOT_CLASS = YES_ERROR;
				CLANG_WARN_SUSPICIOUS_MOVE = YES;
				CLANG_WARN_UNREACHABLE_CODE = YES;
				CLANG_WARN__DUPLICATE_METHOD_MATCH = YES;
				CODE_SIGN_IDENTITY = "-";
				COPY_PHASE_STRIP = NO;
				DEBUG_INFORMATION_FORMAT = dwarf;
				ENABLE_STRICT_OBJC_MSGSEND = YES;
				ENABLE_TESTABILITY = YES;
				GCC_C_LANGUAGE_STANDARD = gnu99;
				GCC_DYNAMIC_NO_PIC = NO;
				GCC_NO_COMMON_BLOCKS = YES;
				GCC_OPTIMIZATION_LEVEL = 0;
				GCC_PREPROCESSOR_DEFINITIONS = (
					"DEBUG=1",
					"$(inherited)",
				);
				GCC_WARN_64_TO_32_BIT_CONVERSION = YES;
				GCC_WARN_ABOUT_RETURN_TYPE = YES_ERROR;
				GCC_WARN_UNDECLARED_SELECTOR = YES;
				GCC_WARN_UNINITIALIZED_AUTOS = YES_AGGRESSIVE;
				GCC_WARN_UNUSED_FUNCTION = YES;
				GCC_WARN_UNUSED_VARIABLE = YES;
				MACOSX_DEPLOYMENT_TARGET = 10.12;
				MTL_ENABLE_DEBUG_INFO = YES;
				ONLY_ACTIVE_ARCH = YES;
				SDKROOT = macosx;
			};
			name = Debug;
		};
		849E1AFC1EA848FF003C2D16 /* Release */ = {
			isa = XCBuildConfiguration;
			buildSettings = {
				ALWAYS_SEARCH_USER_PATHS = NO;
				CLANG_ANALYZER_NONNULL = YES;
				CLANG_ANALYZER_NUMBER_OBJECT_CONVERSION = YES_AGGRESSIVE;
				CLANG_CXX_LANGUAGE_STANDARD = "gnu++0x";
				CLANG_CXX_LIBRARY = "libc++";
				CLANG_ENABLE_MODULES = YES;
				CLANG_ENABLE_OBJC_ARC = YES;
				CLANG_WARN_BOOL_CONVERSION = YES;
				CLANG_WARN_CONSTANT_CONVERSION = YES;
				CLANG_WARN_DIRECT_OBJC_ISA_USAGE = YES_ERROR;
				CLANG_WARN_DOCUMENTATION_COMMENTS = YES;
				CLANG_WARN_EMPTY_BODY = YES;
				CLANG_WARN_ENUM_CONVERSION = YES;
				CLANG_WARN_INFINITE_RECURSION = YES;
				CLANG_WARN_INT_CONVERSION = YES;
				CLANG_WARN_OBJC_ROOT_CLASS = YES_ERROR;
				CLANG_WARN_SUSPICIOUS_MOVE = YES;
				CLANG_WARN_UNREACHABLE_CODE = YES;
				CLANG_WARN__DUPLICATE_METHOD_MATCH = YES;
				CODE_SIGN_IDENTITY = "-";
				COPY_PHASE_STRIP = NO;
				DEBUG_INFORMATION_FORMAT = "dwarf-with-dsym";
				ENABLE_NS_ASSERTIONS = NO;
				ENABLE_STRICT_OBJC_MSGSEND = YES;
				GCC_C_LANGUAGE_STANDARD = gnu99;
				GCC_NO_COMMON_BLOCKS = YES;
				GCC_WARN_64_TO_32_BIT_CONVERSION = YES;
				GCC_WARN_ABOUT_RETURN_TYPE = YES_ERROR;
				GCC_WARN_UNDECLARED_SELECTOR = YES;
				GCC_WARN_UNINITIALIZED_AUTOS = YES_AGGRESSIVE;
				GCC_WARN_UNUSED_FUNCTION = YES;
				GCC_WARN_UNUSED_VARIABLE = YES;
				MACOSX_DEPLOYMENT_TARGET = 10.12;
				MTL_ENABLE_DEBUG_INFO = NO;
				SDKROOT = macosx;
			};
			name = Release;
		};
		849E1AFE1EA848FF003C2D16 /* Debug */ = {
			isa = XCBuildConfiguration;
			buildSettings = {
				PRODUCT_NAME = "$(TARGET_NAME)";
			};
			name = Debug;
		};
		849E1AFF1EA848FF003C2D16 /* Release */ = {
			isa = XCBuildConfiguration;
			buildSettings = {
				PRODUCT_NAME = "$(TARGET_NAME)";
			};
			name = Release;
		};
/* End XCBuildConfiguration section */

/* Begin XCConfigurationList section */
		849E1AF11EA848FF003C2D16 /* Build configuration list for PBXProject "cai_cho_ios_beginner" */ = {
			isa = XCConfigurationList;
			buildConfigurations = (
				849E1AFB1EA848FF003C2D16 /* Debug */,
				849E1AFC1EA848FF003C2D16 /* Release */,
			);
			defaultConfigurationIsVisible = 0;
			defaultConfigurationName = Release;
		};
		849E1AFD1EA848FF003C2D16 /* Build configuration list for PBXNativeTarget "cai_cho_ios_beginner" */ = {
			isa = XCConfigurationList;
			buildConfigurations = (
				849E1AFE1EA848FF003C2D16 /* Debug */,
				849E1AFF1EA848FF003C2D16 /* Release */,
			);
			defaultConfigurationIsVisible = 0;
		};
/* End XCConfigurationList section */
	};
	rootObject = 849E1AEE1EA848FF003C2D16 /* Project object */;
}
